
Microsoft Visual Studio Solution File, Format Version 12.00
# Visual Studio Version 16
VisualStudioVersion = 16.0.31702.278
MinimumVisualStudioVersion = 10.0.40219.1
Project("{FAE04EC0-301F-11D3-BF4B-00C04F79EFBC}") = "ATM_Software", "ATM_Software.csproj", "{53BABC6C-CC80-4919-A17A-969475F033E3}"
EndProject
Project("{FAE04EC0-301F-11D3-BF4B-00C04F79EFBC}") = "ATMDataAccessLayer", "..\ATMDataAccessLayer\ATMDataAccessLayer.csproj", "{FFDBDEE2-1AC2-4E87-99DB-28085B7C82F4}"
EndProject
Project("{FAE04EC0-301F-11D3-BF4B-00C04F79EFBC}") = "ATMBussinessLogicLayer", "..\ATMBussinessLogicLayer\ATMBussinessLogicLayer.csproj", "{6E47D9F8-46A3-4FC1-B1F4-AE7C2DE11897}"
EndProject
Project("{FAE04EC0-301F-11D3-BF4B-00C04F79EFBC}") = "ATMPresentationLayer", "..\ATMPresentationLayer\ATMPresentationLayer.csproj", "{381225A0-CB7D-4D09-BD8B-0FBD9F8EB8AA}"
EndProject
Project("{FAE04EC0-301F-11D3-BF4B-00C04F79EFBC}") = "ATMBussinessObjects", "..\ATMBussinessObjects\ATMBussinessObjects.csproj", "{4F5606CD-C95C-4880-B39E-F3C05628B193}"
EndProject
Global
	GlobalSection(SolutionConfigurationPlatforms) = preSolution
		Debug|Any CPU = Debug|Any CPU
		Release|Any CPU = Release|Any CPU
	EndGlobalSection
	GlobalSection(ProjectConfigurationPlatforms) = postSolution
		{53BABC6C-CC80-4919-A17A-969475F033E3}.Debug|Any CPU.ActiveCfg = Debug|Any CPU
		{53BABC6C-CC80-4919-A17A-969475F033E3}.Debug|Any CPU.Build.0 = Debug|Any CPU
		{53BABC6C-CC80-4919-A17A-969475F033E3}.Release|Any CPU.ActiveCfg = Release|Any CPU
		{53BABC6C-CC80-4919-A17A-969475F033E3}.Release|Any CPU.Build.0 = Release|Any CPU
		{FFDBDEE2-1AC2-4E87-99DB-28085B7C82F4}.Debug|Any CPU.ActiveCfg = Debug|Any CPU
		{FFDBDEE2-1AC2-4E87-99DB-28085B7C82F4}.Debug|Any CPU.Build.0 = Debug|Any CPU
		{FFDBDEE2-1AC2-4E87-99DB-28085B7C82F4}.Release|Any CPU.ActiveCfg = Release|Any CPU
		{FFDBDEE2-1AC2-4E87-99DB-28085B7C82F4}.Release|Any CPU.Build.0 = Release|Any CPU
		{6E47D9F8-46A3-4FC1-B1F4-AE7C2DE11897}.Debug|Any CPU.ActiveCfg = Debug|Any CPU
		{6E47D9F8-46A3-4FC1-B1F4-AE7C2DE11897}.Debug|Any CPU.Build.0 = Debug|Any CPU
		{6E47D9F8-46A3-4FC1-B1F4-AE7C2DE11897}.Release|Any CPU.ActiveCfg = Release|Any CPU
		{6E47D9F8-46A3-4FC1-B1F4-AE7C2DE11897}.Release|Any CPU.Build.0 = Release|Any CPU
		{381225A0-CB7D-4D09-BD8B-0FBD9F8EB8AA}.Debug|Any CPU.ActiveCfg = Debug|Any CPU
		{381225A0-CB7D-4D09-BD8B-0FBD9F8EB8AA}.Debug|Any CPU.Build.0 = Debug|Any CPU
		{381225A0-CB7D-4D09-BD8B-0FBD9F8EB8AA}.Release|Any CPU.ActiveCfg = Release|Any CPU
		{381225A0-CB7D-4D09-BD8B-0FBD9F8EB8AA}.Release|Any CPU.Build.0 = Release|Any CPU
		{4F5606CD-C95C-4880-B39E-F3C05628B193}.Debug|Any CPU.ActiveCfg = Debug|Any CPU
		{4F5606CD-C95C-4880-B39E-F3C05628B193}.Debug|Any CPU.Build.0 = Debug|Any CPU
		{4F5606CD-C95C-4880-B39E-F3C05628B193}.Release|Any CPU.ActiveCfg = Release|Any CPU
		{4F5606CD-C95C-4880-B39E-F3C05628B193}.Release|Any CPU.Build.0 = Release|Any CPU
	EndGlobalSection
	GlobalSection(SolutionProperties) = preSolution
		HideSolutionNode = FALSE
	EndGlobalSection
	GlobalSection(ExtensibilityGlobals) = postSolution
		SolutionGuid = {B33054EE-BFEE-48FB-9BBC-CF6D6E0EBAFA}
	EndGlobalSection
EndGlobal
