
Microsoft Visual Studio Solution File, Format Version 12.00
# Visual Studio Version 17
VisualStudioVersion = 17.1.32228.430
MinimumVisualStudioVersion = 10.0.40219.1
Project("{FAE04EC0-301F-11D3-BF4B-00C04F79EFBC}") = "BlazorWebAssembly", "BlazorWebAssembly\BlazorWebAssembly.csproj", "{1BFF62E0-A7E7-4359-AB5D-9829E16ED106}"
EndProject
Global
	GlobalSection(SolutionConfigurationPlatforms) = preSolution
		Debug|Any CPU = Debug|Any CPU
		Release|Any CPU = Release|Any CPU
	EndGlobalSection
	GlobalSection(ProjectConfigurationPlatforms) = postSolution
		{1BFF62E0-A7E7-4359-AB5D-9829E16ED106}.Debug|Any CPU.ActiveCfg = Debug|Any CPU
		{1BFF62E0-A7E7-4359-AB5D-9829E16ED106}.Debug|Any CPU.Build.0 = Debug|Any CPU
		{1BFF62E0-A7E7-4359-AB5D-9829E16ED106}.Release|Any CPU.ActiveCfg = Release|Any CPU
		{1BFF62E0-A7E7-4359-AB5D-9829E16ED106}.Release|Any CPU.Build.0 = Release|Any CPU
	EndGlobalSection
	GlobalSection(SolutionProperties) = preSolution
		HideSolutionNode = FALSE
	EndGlobalSection
	GlobalSection(ExtensibilityGlobals) = postSolution
		SolutionGuid = {86D8B657-0A2A-4474-8DD4-21F62F2A3D6D}
	EndGlobalSection
EndGlobal
